
Microsoft Visual Studio Solution File, Format Version 12.00
# Visual Studio Version 17
VisualStudioVersion = 17.1.32228.430
MinimumVisualStudioVersion = 10.0.40219.1
Project("{FAE04EC0-301F-11D3-BF4B-00C04F79EFBC}") = "MyaDiscordBot", "MyaDiscordBot\MyaDiscordBot.csproj", "{1CBA0710-C81F-4FE2-BC26-1C1377F31F78}"
EndProject
Project("{2150E333-8FDC-42A3-9474-1A3956D46DE8}") = "Solution Items", "Solution Items", "{D1045FF8-EE43-499B-B7D0-1C338715687D}"
	ProjectSection(SolutionItems) = preProject
		.editorconfig = .editorconfig
	EndProjectSection
EndProject
Global
	GlobalSection(SolutionConfigurationPlatforms) = preSolution
		Debug|Any CPU = Debug|Any CPU
		Release|Any CPU = Release|Any CPU
	EndGlobalSection
	GlobalSection(ProjectConfigurationPlatforms) = postSolution
		{1CBA0710-C81F-4FE2-BC26-1C1377F31F78}.Debug|Any CPU.ActiveCfg = Debug|Any CPU
		{1CBA0710-C81F-4FE2-BC26-1C1377F31F78}.Debug|Any CPU.Build.0 = Debug|Any CPU
		{1CBA0710-C81F-4FE2-BC26-1C1377F31F78}.Release|Any CPU.ActiveCfg = Release|Any CPU
		{1CBA0710-C81F-4FE2-BC26-1C1377F31F78}.Release|Any CPU.Build.0 = Release|Any CPU
	EndGlobalSection
	GlobalSection(SolutionProperties) = preSolution
		HideSolutionNode = FALSE
	EndGlobalSection
	GlobalSection(ExtensibilityGlobals) = postSolution
		SolutionGuid = {801C5B55-1CD9-4402-9645-FA4163098A41}
	EndGlobalSection
EndGlobal
